
Microsoft Visual Studio Solution File, Format Version 11.00
# Visual C# Express 2010
Project("{FAE04EC0-301F-11D3-BF4B-00C04F79EFBC}") = "LOLViewer", "LOLViewer\LOLViewer.csproj", "{30DAB98B-9CBD-4FEB-808F-144A554AA18C}"
EndProject
Project("{FAE04EC0-301F-11D3-BF4B-00C04F79EFBC}") = "RAFlibPlus", "RAFlib-Plus\RAFlibPlus.csproj", "{BDF8E31B-A461-41A7-8361-07F10B40AD4F}"
EndProject
Project("{FAE04EC0-301F-11D3-BF4B-00C04F79EFBC}") = "LOLFileReader", "LOLFileReader\LOLFileReader.csproj", "{2A87B271-DBE0-4F60-AAE4-1702F5AB6561}"
EndProject
Project("{FAE04EC0-301F-11D3-BF4B-00C04F79EFBC}") = "Logger", "Logger\Logger.csproj", "{C208E631-1AE1-4BA6-AE95-19C8E5871176}"
EndProject
Global
	GlobalSection(SolutionConfigurationPlatforms) = preSolution
		Debug|Any CPU = Debug|Any CPU
		Release|Any CPU = Release|Any CPU
	EndGlobalSection
	GlobalSection(ProjectConfigurationPlatforms) = postSolution
		{30DAB98B-9CBD-4FEB-808F-144A554AA18C}.Debug|Any CPU.ActiveCfg = Debug|Any CPU
		{30DAB98B-9CBD-4FEB-808F-144A554AA18C}.Debug|Any CPU.Build.0 = Debug|Any CPU
		{30DAB98B-9CBD-4FEB-808F-144A554AA18C}.Release|Any CPU.ActiveCfg = Release|Any CPU
		{30DAB98B-9CBD-4FEB-808F-144A554AA18C}.Release|Any CPU.Build.0 = Release|Any CPU
		{BDF8E31B-A461-41A7-8361-07F10B40AD4F}.Debug|Any CPU.ActiveCfg = Debug|Any CPU
		{BDF8E31B-A461-41A7-8361-07F10B40AD4F}.Debug|Any CPU.Build.0 = Debug|Any CPU
		{BDF8E31B-A461-41A7-8361-07F10B40AD4F}.Release|Any CPU.ActiveCfg = Release|Any CPU
		{BDF8E31B-A461-41A7-8361-07F10B40AD4F}.Release|Any CPU.Build.0 = Release|Any CPU
		{2A87B271-DBE0-4F60-AAE4-1702F5AB6561}.Debug|Any CPU.ActiveCfg = Debug|Any CPU
		{2A87B271-DBE0-4F60-AAE4-1702F5AB6561}.Debug|Any CPU.Build.0 = Debug|Any CPU
		{2A87B271-DBE0-4F60-AAE4-1702F5AB6561}.Release|Any CPU.ActiveCfg = Release|Any CPU
		{2A87B271-DBE0-4F60-AAE4-1702F5AB6561}.Release|Any CPU.Build.0 = Release|Any CPU
		{C208E631-1AE1-4BA6-AE95-19C8E5871176}.Debug|Any CPU.ActiveCfg = Debug|Any CPU
		{C208E631-1AE1-4BA6-AE95-19C8E5871176}.Debug|Any CPU.Build.0 = Debug|Any CPU
		{C208E631-1AE1-4BA6-AE95-19C8E5871176}.Release|Any CPU.ActiveCfg = Release|Any CPU
		{C208E631-1AE1-4BA6-AE95-19C8E5871176}.Release|Any CPU.Build.0 = Release|Any CPU
	EndGlobalSection
	GlobalSection(SolutionProperties) = preSolution
		HideSolutionNode = FALSE
	EndGlobalSection
EndGlobal
